
Microsoft Visual Studio Solution File, Format Version 12.00
# Visual Studio 2012
Project("{FAE04EC0-301F-11D3-BF4B-00C04F79EFBC}") = "DezignSpiration.Android", "DezignSpiration.Android\DezignSpiration.Android.csproj", "{93EB50C7-384F-4C21-9983-2FA47CC697C9}"
EndProject
Project("{FAE04EC0-301F-11D3-BF4B-00C04F79EFBC}") = "DezignSpiration.iOS", "DezignSpiration.iOS\DezignSpiration.iOS.csproj", "{16652D2F-0BCC-4E6F-9AA7-072B3DC6B29B}"
EndProject
Project("{FAE04EC0-301F-11D3-BF4B-00C04F79EFBC}") = "DezignSpiration", "DezignSpiration\DezignSpiration.csproj", "{6D1908F0-48F3-4498-80A5-8CA5F910381F}"
EndProject
Global
	GlobalSection(SolutionConfigurationPlatforms) = preSolution
		Debug|Any CPU = Debug|Any CPU
		Release|Any CPU = Release|Any CPU
		Debug|iPhoneSimulator = Debug|iPhoneSimulator
		Release|iPhoneSimulator = Release|iPhoneSimulator
		Debug|iPhone = Debug|iPhone
		Release|iPhone = Release|iPhone
		Ad-Hoc|iPhone = Ad-Hoc|iPhone
		AppStore|iPhone = AppStore|iPhone
	EndGlobalSection
	GlobalSection(ProjectConfigurationPlatforms) = postSolution
		{93EB50C7-384F-4C21-9983-2FA47CC697C9}.Debug|Any CPU.ActiveCfg = Debug|Any CPU
		{93EB50C7-384F-4C21-9983-2FA47CC697C9}.Debug|Any CPU.Build.0 = Debug|Any CPU
		{93EB50C7-384F-4C21-9983-2FA47CC697C9}.Release|Any CPU.ActiveCfg = Release|Any CPU
		{93EB50C7-384F-4C21-9983-2FA47CC697C9}.Release|Any CPU.Build.0 = Release|Any CPU
		{93EB50C7-384F-4C21-9983-2FA47CC697C9}.Debug|iPhoneSimulator.ActiveCfg = Debug|Any CPU
		{93EB50C7-384F-4C21-9983-2FA47CC697C9}.Debug|iPhoneSimulator.Build.0 = Debug|Any CPU
		{93EB50C7-384F-4C21-9983-2FA47CC697C9}.Release|iPhoneSimulator.ActiveCfg = Release|Any CPU
		{93EB50C7-384F-4C21-9983-2FA47CC697C9}.Release|iPhoneSimulator.Build.0 = Release|Any CPU
		{93EB50C7-384F-4C21-9983-2FA47CC697C9}.Debug|iPhone.ActiveCfg = Debug|Any CPU
		{93EB50C7-384F-4C21-9983-2FA47CC697C9}.Debug|iPhone.Build.0 = Debug|Any CPU
		{93EB50C7-384F-4C21-9983-2FA47CC697C9}.Release|iPhone.ActiveCfg = Release|Any CPU
		{93EB50C7-384F-4C21-9983-2FA47CC697C9}.Release|iPhone.Build.0 = Release|Any CPU
		{93EB50C7-384F-4C21-9983-2FA47CC697C9}.Ad-Hoc|iPhone.ActiveCfg = Debug|Any CPU
		{93EB50C7-384F-4C21-9983-2FA47CC697C9}.Ad-Hoc|iPhone.Build.0 = Debug|Any CPU
		{93EB50C7-384F-4C21-9983-2FA47CC697C9}.AppStore|iPhone.ActiveCfg = Debug|Any CPU
		{93EB50C7-384F-4C21-9983-2FA47CC697C9}.AppStore|iPhone.Build.0 = Debug|Any CPU
		{16652D2F-0BCC-4E6F-9AA7-072B3DC6B29B}.Debug|Any CPU.ActiveCfg = Debug|iPhoneSimulator
		{16652D2F-0BCC-4E6F-9AA7-072B3DC6B29B}.Release|Any CPU.ActiveCfg = Release|iPhoneSimulator
		{16652D2F-0BCC-4E6F-9AA7-072B3DC6B29B}.Release|Any CPU.Build.0 = Release|iPhoneSimulator
		{16652D2F-0BCC-4E6F-9AA7-072B3DC6B29B}.Debug|iPhoneSimulator.ActiveCfg = Debug|iPhoneSimulator
		{16652D2F-0BCC-4E6F-9AA7-072B3DC6B29B}.Debug|iPhoneSimulator.Build.0 = Debug|iPhoneSimulator
		{16652D2F-0BCC-4E6F-9AA7-072B3DC6B29B}.Release|iPhoneSimulator.ActiveCfg = Release|iPhoneSimulator
		{16652D2F-0BCC-4E6F-9AA7-072B3DC6B29B}.Release|iPhoneSimulator.Build.0 = Release|iPhoneSimulator
		{16652D2F-0BCC-4E6F-9AA7-072B3DC6B29B}.Debug|iPhone.ActiveCfg = Debug|iPhone
		{16652D2F-0BCC-4E6F-9AA7-072B3DC6B29B}.Debug|iPhone.Build.0 = Debug|iPhone
		{16652D2F-0BCC-4E6F-9AA7-072B3DC6B29B}.Release|iPhone.ActiveCfg = Release|iPhone
		{16652D2F-0BCC-4E6F-9AA7-072B3DC6B29B}.Release|iPhone.Build.0 = Release|iPhone
		{16652D2F-0BCC-4E6F-9AA7-072B3DC6B29B}.Ad-Hoc|iPhone.ActiveCfg = Ad-Hoc|iPhone
		{16652D2F-0BCC-4E6F-9AA7-072B3DC6B29B}.Ad-Hoc|iPhone.Build.0 = Ad-Hoc|iPhone
		{16652D2F-0BCC-4E6F-9AA7-072B3DC6B29B}.AppStore|iPhone.ActiveCfg = AppStore|iPhone
		{16652D2F-0BCC-4E6F-9AA7-072B3DC6B29B}.AppStore|iPhone.Build.0 = AppStore|iPhone
		{16652D2F-0BCC-4E6F-9AA7-072B3DC6B29B}.Debug|Any CPU.Build.0 = Debug|iPhoneSimulator
		{6D1908F0-48F3-4498-80A5-8CA5F910381F}.Debug|Any CPU.ActiveCfg = Debug|Any CPU
		{6D1908F0-48F3-4498-80A5-8CA5F910381F}.Debug|Any CPU.Build.0 = Debug|Any CPU
		{6D1908F0-48F3-4498-80A5-8CA5F910381F}.Release|Any CPU.ActiveCfg = Release|Any CPU
		{6D1908F0-48F3-4498-80A5-8CA5F910381F}.Release|Any CPU.Build.0 = Release|Any CPU
		{6D1908F0-48F3-4498-80A5-8CA5F910381F}.Debug|iPhoneSimulator.ActiveCfg = Debug|Any CPU
		{6D1908F0-48F3-4498-80A5-8CA5F910381F}.Debug|iPhoneSimulator.Build.0 = Debug|Any CPU
		{6D1908F0-48F3-4498-80A5-8CA5F910381F}.Release|iPhoneSimulator.ActiveCfg = Release|Any CPU
		{6D1908F0-48F3-4498-80A5-8CA5F910381F}.Release|iPhoneSimulator.Build.0 = Release|Any CPU
		{6D1908F0-48F3-4498-80A5-8CA5F910381F}.Debug|iPhone.ActiveCfg = Debug|Any CPU
		{6D1908F0-48F3-4498-80A5-8CA5F910381F}.Debug|iPhone.Build.0 = Debug|Any CPU
		{6D1908F0-48F3-4498-80A5-8CA5F910381F}.Release|iPhone.ActiveCfg = Release|Any CPU
		{6D1908F0-48F3-4498-80A5-8CA5F910381F}.Release|iPhone.Build.0 = Release|Any CPU
		{6D1908F0-48F3-4498-80A5-8CA5F910381F}.Ad-Hoc|iPhone.ActiveCfg = Debug|Any CPU
		{6D1908F0-48F3-4498-80A5-8CA5F910381F}.Ad-Hoc|iPhone.Build.0 = Debug|Any CPU
		{6D1908F0-48F3-4498-80A5-8CA5F910381F}.AppStore|iPhone.ActiveCfg = Debug|Any CPU
		{6D1908F0-48F3-4498-80A5-8CA5F910381F}.AppStore|iPhone.Build.0 = Debug|Any CPU
	EndGlobalSection
EndGlobal
